
Microsoft Visual Studio Solution File, Format Version 12.00
# Visual Studio Version 17
VisualStudioVersion = 17.12.35309.182
MinimumVisualStudioVersion = 10.0.40219.1
Project("{FAE04EC0-301F-11D3-BF4B-00C04F79EFBC}") = "HobbyHub", "HobbyHub\HobbyHub.csproj", "{B5A8B95B-0C14-4FB9-925C-309C6D6AF5A9}"
EndProject
Project("{E53339B2-1760-4266-BCC7-CA923CBCF16C}") = "docker-compose", "docker-compose.dcproj", "{4DEFB379-C687-4361-A5B4-9ABA9DF502AE}"
EndProject
Project("{2150E333-8FDC-42A3-9474-1A3956D46DE8}") = "Элементы решения", "Элементы решения", "{D2BE1DFE-B55A-4975-B9FF-02EC4F0DC829}"
	ProjectSection(SolutionItems) = preProject
		.env = .env
	EndProjectSection
EndProject
Global
	GlobalSection(SolutionConfigurationPlatforms) = preSolution
		Debug|Any CPU = Debug|Any CPU
		Release|Any CPU = Release|Any CPU
	EndGlobalSection
	GlobalSection(ProjectConfigurationPlatforms) = postSolution
		{B5A8B95B-0C14-4FB9-925C-309C6D6AF5A9}.Debug|Any CPU.ActiveCfg = Debug|Any CPU
		{B5A8B95B-0C14-4FB9-925C-309C6D6AF5A9}.Debug|Any CPU.Build.0 = Debug|Any CPU
		{B5A8B95B-0C14-4FB9-925C-309C6D6AF5A9}.Release|Any CPU.ActiveCfg = Release|Any CPU
		{B5A8B95B-0C14-4FB9-925C-309C6D6AF5A9}.Release|Any CPU.Build.0 = Release|Any CPU
		{4DEFB379-C687-4361-A5B4-9ABA9DF502AE}.Debug|Any CPU.ActiveCfg = Debug|Any CPU
		{4DEFB379-C687-4361-A5B4-9ABA9DF502AE}.Debug|Any CPU.Build.0 = Debug|Any CPU
		{4DEFB379-C687-4361-A5B4-9ABA9DF502AE}.Release|Any CPU.ActiveCfg = Release|Any CPU
		{4DEFB379-C687-4361-A5B4-9ABA9DF502AE}.Release|Any CPU.Build.0 = Release|Any CPU
	EndGlobalSection
	GlobalSection(SolutionProperties) = preSolution
		HideSolutionNode = FALSE
	EndGlobalSection
	GlobalSection(ExtensibilityGlobals) = postSolution
		SolutionGuid = {21AFB7DF-4FBA-403C-AAE2-D4149D37298A}
	EndGlobalSection
EndGlobal
